
Microsoft Visual Studio Solution File, Format Version 12.00
# Visual Studio Version 17
VisualStudioVersion = 17.0.31903.59
MinimumVisualStudioVersion = 10.0.40219.1
Project("{FAE04EC0-301F-11D3-BF4B-00C04F79EFBC}") = "API", "API\API.csproj", "{2206DF0C-FEA0-430B-980E-FEB175474BE9}"
EndProject
Project("{FAE04EC0-301F-11D3-BF4B-00C04F79EFBC}") = "Application", "Application\Application.csproj", "{31663588-F9B2-40EC-A9B0-5D65C4C01102}"
EndProject
Project("{FAE04EC0-301F-11D3-BF4B-00C04F79EFBC}") = "Domain", "Domain\Domain.csproj", "{F9FD4179-49F8-4F0D-90B6-029B67FE18C0}"
EndProject
Project("{FAE04EC0-301F-11D3-BF4B-00C04F79EFBC}") = "Persistence", "Persistence\Persistence.csproj", "{97CD0F66-D427-41E3-98E9-0DB7B364822A}"
EndProject
Global
	GlobalSection(SolutionConfigurationPlatforms) = preSolution
		Debug|Any CPU = Debug|Any CPU
		Release|Any CPU = Release|Any CPU
	EndGlobalSection
	GlobalSection(SolutionProperties) = preSolution
		HideSolutionNode = FALSE
	EndGlobalSection
	GlobalSection(ProjectConfigurationPlatforms) = postSolution
		{2206DF0C-FEA0-430B-980E-FEB175474BE9}.Debug|Any CPU.ActiveCfg = Debug|Any CPU
		{2206DF0C-FEA0-430B-980E-FEB175474BE9}.Debug|Any CPU.Build.0 = Debug|Any CPU
		{2206DF0C-FEA0-430B-980E-FEB175474BE9}.Release|Any CPU.ActiveCfg = Release|Any CPU
		{2206DF0C-FEA0-430B-980E-FEB175474BE9}.Release|Any CPU.Build.0 = Release|Any CPU
		{31663588-F9B2-40EC-A9B0-5D65C4C01102}.Debug|Any CPU.ActiveCfg = Debug|Any CPU
		{31663588-F9B2-40EC-A9B0-5D65C4C01102}.Debug|Any CPU.Build.0 = Debug|Any CPU
		{31663588-F9B2-40EC-A9B0-5D65C4C01102}.Release|Any CPU.ActiveCfg = Release|Any CPU
		{31663588-F9B2-40EC-A9B0-5D65C4C01102}.Release|Any CPU.Build.0 = Release|Any CPU
		{F9FD4179-49F8-4F0D-90B6-029B67FE18C0}.Debug|Any CPU.ActiveCfg = Debug|Any CPU
		{F9FD4179-49F8-4F0D-90B6-029B67FE18C0}.Debug|Any CPU.Build.0 = Debug|Any CPU
		{F9FD4179-49F8-4F0D-90B6-029B67FE18C0}.Release|Any CPU.ActiveCfg = Release|Any CPU
		{F9FD4179-49F8-4F0D-90B6-029B67FE18C0}.Release|Any CPU.Build.0 = Release|Any CPU
		{97CD0F66-D427-41E3-98E9-0DB7B364822A}.Debug|Any CPU.ActiveCfg = Debug|Any CPU
		{97CD0F66-D427-41E3-98E9-0DB7B364822A}.Debug|Any CPU.Build.0 = Debug|Any CPU
		{97CD0F66-D427-41E3-98E9-0DB7B364822A}.Release|Any CPU.ActiveCfg = Release|Any CPU
		{97CD0F66-D427-41E3-98E9-0DB7B364822A}.Release|Any CPU.Build.0 = Release|Any CPU
	EndGlobalSection
EndGlobal
